
Microsoft Visual Studio Solution File, Format Version 12.00
# Visual Studio 15
VisualStudioVersion = 15.0.28307.1525
MinimumVisualStudioVersion = 10.0.40219.1
Project("{FAE04EC0-301F-11D3-BF4B-00C04F79EFBC}") = "MemeMakerWPF", "MemeMakerWPF\MemeMakerWPF.csproj", "{9CD3E971-A891-43BF-A066-F94019770A87}"
EndProject
Project("{FAE04EC0-301F-11D3-BF4B-00C04F79EFBC}") = "MvvmLib", "MvvmLib\MvvmLib.csproj", "{990857FB-60C9-461A-BC43-57A82177C8B1}"
EndProject
Global
	GlobalSection(SolutionConfigurationPlatforms) = preSolution
		Debug|Any CPU = Debug|Any CPU
		Release|Any CPU = Release|Any CPU
	EndGlobalSection
	GlobalSection(ProjectConfigurationPlatforms) = postSolution
		{9CD3E971-A891-43BF-A066-F94019770A87}.Debug|Any CPU.ActiveCfg = Debug|Any CPU
		{9CD3E971-A891-43BF-A066-F94019770A87}.Debug|Any CPU.Build.0 = Debug|Any CPU
		{9CD3E971-A891-43BF-A066-F94019770A87}.Release|Any CPU.ActiveCfg = Release|Any CPU
		{9CD3E971-A891-43BF-A066-F94019770A87}.Release|Any CPU.Build.0 = Release|Any CPU
		{990857FB-60C9-461A-BC43-57A82177C8B1}.Debug|Any CPU.ActiveCfg = Debug|Any CPU
		{990857FB-60C9-461A-BC43-57A82177C8B1}.Debug|Any CPU.Build.0 = Debug|Any CPU
		{990857FB-60C9-461A-BC43-57A82177C8B1}.Release|Any CPU.ActiveCfg = Release|Any CPU
		{990857FB-60C9-461A-BC43-57A82177C8B1}.Release|Any CPU.Build.0 = Release|Any CPU
	EndGlobalSection
	GlobalSection(SolutionProperties) = preSolution
		HideSolutionNode = FALSE
	EndGlobalSection
	GlobalSection(ExtensibilityGlobals) = postSolution
		SolutionGuid = {16B1C517-E651-42DB-AC6D-8AD32745A3B1}
	EndGlobalSection
EndGlobal
